
Microsoft Visual Studio Solution File, Format Version 12.00
# Visual Studio Version 17
VisualStudioVersion = 17.1.32319.34
MinimumVisualStudioVersion = 10.0.40219.1
Project("{FAE04EC0-301F-11D3-BF4B-00C04F79EFBC}") = "Multi_Formularios", "Multi_Formularios\Multi_Formularios.csproj", "{7317FD79-2EF8-4263-8946-590A7F9A0526}"
EndProject
Global
	GlobalSection(SolutionConfigurationPlatforms) = preSolution
		Debug|Any CPU = Debug|Any CPU
		Release|Any CPU = Release|Any CPU
	EndGlobalSection
	GlobalSection(ProjectConfigurationPlatforms) = postSolution
		{7317FD79-2EF8-4263-8946-590A7F9A0526}.Debug|Any CPU.ActiveCfg = Debug|Any CPU
		{7317FD79-2EF8-4263-8946-590A7F9A0526}.Debug|Any CPU.Build.0 = Debug|Any CPU
		{7317FD79-2EF8-4263-8946-590A7F9A0526}.Release|Any CPU.ActiveCfg = Release|Any CPU
		{7317FD79-2EF8-4263-8946-590A7F9A0526}.Release|Any CPU.Build.0 = Release|Any CPU
	EndGlobalSection
	GlobalSection(SolutionProperties) = preSolution
		HideSolutionNode = FALSE
	EndGlobalSection
	GlobalSection(ExtensibilityGlobals) = postSolution
		SolutionGuid = {19A917AC-A23B-476D-9E3C-D067FF70BFC3}
	EndGlobalSection
EndGlobal
